
Microsoft Visual Studio Solution File, Format Version 12.00
# Visual Studio Version 17
VisualStudioVersion = 17.12.35527.113
MinimumVisualStudioVersion = 10.0.40219.1
Project("{FAE04EC0-301F-11D3-BF4B-00C04F79EFBC}") = "Api", "BasketAndWishlist\Api\Api.csproj", "{0533EDED-A5B4-4C1E-A4B9-E436BBF9B147}"
EndProject
Project("{2150E333-8FDC-42A3-9474-1A3956D46DE8}") = "BasketAndWishlist", "BasketAndWishlist", "{5B8A80B9-CE25-467D-93BB-93381930B3D5}"
EndProject
Project("{FAE04EC0-301F-11D3-BF4B-00C04F79EFBC}") = "Application", "BasketAndWishlist\Application\Application.csproj", "{55D65F09-F56F-413F-B926-053C9C0C9374}"
EndProject
Project("{FAE04EC0-301F-11D3-BF4B-00C04F79EFBC}") = "Domain", "BasketAndWishlist\Domain\Domain.csproj", "{BDEB6A87-DAF2-4377-AFD6-6E107CDF7D2C}"
EndProject
Project("{FAE04EC0-301F-11D3-BF4B-00C04F79EFBC}") = "Infrastructure", "BasketAndWishlist\Infrastructure\Infrastructure.csproj", "{38FDA8C3-A48B-440F-A7DA-C83ACD159759}"
EndProject
Project("{2150E333-8FDC-42A3-9474-1A3956D46DE8}") = "Tests", "Tests", "{458C3731-3AA7-484B-A69A-AB8D102F3DDE}"
EndProject
Project("{FAE04EC0-301F-11D3-BF4B-00C04F79EFBC}") = "UnitTests", "BasketAndWishlist\Tests\UnitTests\UnitTests.csproj", "{8D3869C2-58C3-42AF-9FCB-4928E2470E22}"
EndProject
Project("{FAE04EC0-301F-11D3-BF4B-00C04F79EFBC}") = "Persistence", "BasketAndWishlist\Persistence\Persistence.csproj", "{D04800EB-113E-4180-A919-17BFFEA8C603}"
EndProject
Project("{2150E333-8FDC-42A3-9474-1A3956D46DE8}") = "Catalog", "Catalog", "{F8065C68-C2F0-4D63-99CB-1F1011A8161F}"
EndProject
Project("{FAE04EC0-301F-11D3-BF4B-00C04F79EFBC}") = "Api", "Catalog\Api\Api.csproj", "{22D71932-9E78-47EA-B0D3-1F9CFEFFACB1}"
EndProject
Project("{FAE04EC0-301F-11D3-BF4B-00C04F79EFBC}") = "Application", "Catalog\Application\Application.csproj", "{4E33DCCB-FCB1-4F89-9B93-BCF2553F9F3A}"
EndProject
Project("{FAE04EC0-301F-11D3-BF4B-00C04F79EFBC}") = "Domain", "Catalog\Domain\Domain.csproj", "{B660E46C-C26C-4BA5-AB66-0B2BE0974433}"
EndProject
Project("{FAE04EC0-301F-11D3-BF4B-00C04F79EFBC}") = "Infrastructure", "Catalog\Infrastructure\Infrastructure.csproj", "{83BD93D7-17BC-47BC-B522-AA7C2C0A7CEF}"
EndProject
Project("{FAE04EC0-301F-11D3-BF4B-00C04F79EFBC}") = "Persistence", "Catalog\Persistence\Persistence.csproj", "{BB3EA972-4124-49C9-9D99-D7EB773BD7BA}"
EndProject
Project("{2150E333-8FDC-42A3-9474-1A3956D46DE8}") = "Tests", "Tests", "{BEB67AD8-8168-4F24-B51E-EDDBA83BD201}"
EndProject
Project("{FAE04EC0-301F-11D3-BF4B-00C04F79EFBC}") = "UnitTests", "Catalog\Tests\UnitTests\UnitTests.csproj", "{38AD81F4-5369-4D7D-B9E8-3EBF87667D57}"
EndProject
Project("{2150E333-8FDC-42A3-9474-1A3956D46DE8}") = "Orders", "Orders", "{DE5FE629-3625-4E0F-926C-5F2A4A1D6D06}"
EndProject
Project("{FAE04EC0-301F-11D3-BF4B-00C04F79EFBC}") = "Api", "Orders\Api\Api.csproj", "{C0F2031C-211C-4E58-8516-4EBEBFB6E004}"
EndProject
Project("{FAE04EC0-301F-11D3-BF4B-00C04F79EFBC}") = "Application", "Orders\Application\Application.csproj", "{86B6B0EC-7F26-46D7-81E4-E18CB92D2FE7}"
EndProject
Project("{FAE04EC0-301F-11D3-BF4B-00C04F79EFBC}") = "Domain", "Orders\Domain\Domain.csproj", "{77FE1F59-F3E8-4263-B280-36CA5F2F2104}"
EndProject
Project("{FAE04EC0-301F-11D3-BF4B-00C04F79EFBC}") = "Persistence", "Orders\Persistence\Persistence.csproj", "{55AE17ED-BCF3-46DF-A43F-CEE12B321433}"
EndProject
Project("{2150E333-8FDC-42A3-9474-1A3956D46DE8}") = "Tests", "Tests", "{EBA9CCEF-3EBF-422C-9907-696FC5146182}"
EndProject
Project("{FAE04EC0-301F-11D3-BF4B-00C04F79EFBC}") = "UnitTests", "Orders\Tests\UnitTests\UnitTests.csproj", "{C0D18DFE-C7A5-4425-9F73-549D60DF96E2}"
EndProject
Project("{FAE04EC0-301F-11D3-BF4B-00C04F79EFBC}") = "Infrastructure", "Orders\Infrastructure\Infrastructure.csproj", "{1E711CAE-76F9-4C6F-B27C-24D0C98043CC}"
EndProject
Global
	GlobalSection(SolutionConfigurationPlatforms) = preSolution
		Debug|Any CPU = Debug|Any CPU
		Release|Any CPU = Release|Any CPU
	EndGlobalSection
	GlobalSection(ProjectConfigurationPlatforms) = postSolution
		{0533EDED-A5B4-4C1E-A4B9-E436BBF9B147}.Debug|Any CPU.ActiveCfg = Debug|Any CPU
		{0533EDED-A5B4-4C1E-A4B9-E436BBF9B147}.Debug|Any CPU.Build.0 = Debug|Any CPU
		{0533EDED-A5B4-4C1E-A4B9-E436BBF9B147}.Release|Any CPU.ActiveCfg = Release|Any CPU
		{0533EDED-A5B4-4C1E-A4B9-E436BBF9B147}.Release|Any CPU.Build.0 = Release|Any CPU
		{55D65F09-F56F-413F-B926-053C9C0C9374}.Debug|Any CPU.ActiveCfg = Debug|Any CPU
		{55D65F09-F56F-413F-B926-053C9C0C9374}.Debug|Any CPU.Build.0 = Debug|Any CPU
		{55D65F09-F56F-413F-B926-053C9C0C9374}.Release|Any CPU.ActiveCfg = Release|Any CPU
		{55D65F09-F56F-413F-B926-053C9C0C9374}.Release|Any CPU.Build.0 = Release|Any CPU
		{BDEB6A87-DAF2-4377-AFD6-6E107CDF7D2C}.Debug|Any CPU.ActiveCfg = Debug|Any CPU
		{BDEB6A87-DAF2-4377-AFD6-6E107CDF7D2C}.Debug|Any CPU.Build.0 = Debug|Any CPU
		{BDEB6A87-DAF2-4377-AFD6-6E107CDF7D2C}.Release|Any CPU.ActiveCfg = Release|Any CPU
		{BDEB6A87-DAF2-4377-AFD6-6E107CDF7D2C}.Release|Any CPU.Build.0 = Release|Any CPU
		{38FDA8C3-A48B-440F-A7DA-C83ACD159759}.Debug|Any CPU.ActiveCfg = Debug|Any CPU
		{38FDA8C3-A48B-440F-A7DA-C83ACD159759}.Debug|Any CPU.Build.0 = Debug|Any CPU
		{38FDA8C3-A48B-440F-A7DA-C83ACD159759}.Release|Any CPU.ActiveCfg = Release|Any CPU
		{38FDA8C3-A48B-440F-A7DA-C83ACD159759}.Release|Any CPU.Build.0 = Release|Any CPU
		{8D3869C2-58C3-42AF-9FCB-4928E2470E22}.Debug|Any CPU.ActiveCfg = Debug|Any CPU
		{8D3869C2-58C3-42AF-9FCB-4928E2470E22}.Debug|Any CPU.Build.0 = Debug|Any CPU
		{8D3869C2-58C3-42AF-9FCB-4928E2470E22}.Release|Any CPU.ActiveCfg = Release|Any CPU
		{8D3869C2-58C3-42AF-9FCB-4928E2470E22}.Release|Any CPU.Build.0 = Release|Any CPU
		{D04800EB-113E-4180-A919-17BFFEA8C603}.Debug|Any CPU.ActiveCfg = Debug|Any CPU
		{D04800EB-113E-4180-A919-17BFFEA8C603}.Debug|Any CPU.Build.0 = Debug|Any CPU
		{D04800EB-113E-4180-A919-17BFFEA8C603}.Release|Any CPU.ActiveCfg = Release|Any CPU
		{D04800EB-113E-4180-A919-17BFFEA8C603}.Release|Any CPU.Build.0 = Release|Any CPU
		{22D71932-9E78-47EA-B0D3-1F9CFEFFACB1}.Debug|Any CPU.ActiveCfg = Debug|Any CPU
		{22D71932-9E78-47EA-B0D3-1F9CFEFFACB1}.Debug|Any CPU.Build.0 = Debug|Any CPU
		{22D71932-9E78-47EA-B0D3-1F9CFEFFACB1}.Release|Any CPU.ActiveCfg = Release|Any CPU
		{22D71932-9E78-47EA-B0D3-1F9CFEFFACB1}.Release|Any CPU.Build.0 = Release|Any CPU
		{4E33DCCB-FCB1-4F89-9B93-BCF2553F9F3A}.Debug|Any CPU.ActiveCfg = Debug|Any CPU
		{4E33DCCB-FCB1-4F89-9B93-BCF2553F9F3A}.Debug|Any CPU.Build.0 = Debug|Any CPU
		{4E33DCCB-FCB1-4F89-9B93-BCF2553F9F3A}.Release|Any CPU.ActiveCfg = Release|Any CPU
		{4E33DCCB-FCB1-4F89-9B93-BCF2553F9F3A}.Release|Any CPU.Build.0 = Release|Any CPU
		{B660E46C-C26C-4BA5-AB66-0B2BE0974433}.Debug|Any CPU.ActiveCfg = Debug|Any CPU
		{B660E46C-C26C-4BA5-AB66-0B2BE0974433}.Debug|Any CPU.Build.0 = Debug|Any CPU
		{B660E46C-C26C-4BA5-AB66-0B2BE0974433}.Release|Any CPU.ActiveCfg = Release|Any CPU
		{B660E46C-C26C-4BA5-AB66-0B2BE0974433}.Release|Any CPU.Build.0 = Release|Any CPU
		{83BD93D7-17BC-47BC-B522-AA7C2C0A7CEF}.Debug|Any CPU.ActiveCfg = Debug|Any CPU
		{83BD93D7-17BC-47BC-B522-AA7C2C0A7CEF}.Debug|Any CPU.Build.0 = Debug|Any CPU
		{83BD93D7-17BC-47BC-B522-AA7C2C0A7CEF}.Release|Any CPU.ActiveCfg = Release|Any CPU
		{83BD93D7-17BC-47BC-B522-AA7C2C0A7CEF}.Release|Any CPU.Build.0 = Release|Any CPU
		{BB3EA972-4124-49C9-9D99-D7EB773BD7BA}.Debug|Any CPU.ActiveCfg = Debug|Any CPU
		{BB3EA972-4124-49C9-9D99-D7EB773BD7BA}.Debug|Any CPU.Build.0 = Debug|Any CPU
		{BB3EA972-4124-49C9-9D99-D7EB773BD7BA}.Release|Any CPU.ActiveCfg = Release|Any CPU
		{BB3EA972-4124-49C9-9D99-D7EB773BD7BA}.Release|Any CPU.Build.0 = Release|Any CPU
		{38AD81F4-5369-4D7D-B9E8-3EBF87667D57}.Debug|Any CPU.ActiveCfg = Debug|Any CPU
		{38AD81F4-5369-4D7D-B9E8-3EBF87667D57}.Debug|Any CPU.Build.0 = Debug|Any CPU
		{38AD81F4-5369-4D7D-B9E8-3EBF87667D57}.Release|Any CPU.ActiveCfg = Release|Any CPU
		{38AD81F4-5369-4D7D-B9E8-3EBF87667D57}.Release|Any CPU.Build.0 = Release|Any CPU
		{C0F2031C-211C-4E58-8516-4EBEBFB6E004}.Debug|Any CPU.ActiveCfg = Debug|Any CPU
		{C0F2031C-211C-4E58-8516-4EBEBFB6E004}.Debug|Any CPU.Build.0 = Debug|Any CPU
		{C0F2031C-211C-4E58-8516-4EBEBFB6E004}.Release|Any CPU.ActiveCfg = Release|Any CPU
		{C0F2031C-211C-4E58-8516-4EBEBFB6E004}.Release|Any CPU.Build.0 = Release|Any CPU
		{86B6B0EC-7F26-46D7-81E4-E18CB92D2FE7}.Debug|Any CPU.ActiveCfg = Debug|Any CPU
		{86B6B0EC-7F26-46D7-81E4-E18CB92D2FE7}.Debug|Any CPU.Build.0 = Debug|Any CPU
		{86B6B0EC-7F26-46D7-81E4-E18CB92D2FE7}.Release|Any CPU.ActiveCfg = Release|Any CPU
		{86B6B0EC-7F26-46D7-81E4-E18CB92D2FE7}.Release|Any CPU.Build.0 = Release|Any CPU
		{77FE1F59-F3E8-4263-B280-36CA5F2F2104}.Debug|Any CPU.ActiveCfg = Debug|Any CPU
		{77FE1F59-F3E8-4263-B280-36CA5F2F2104}.Debug|Any CPU.Build.0 = Debug|Any CPU
		{77FE1F59-F3E8-4263-B280-36CA5F2F2104}.Release|Any CPU.ActiveCfg = Release|Any CPU
		{77FE1F59-F3E8-4263-B280-36CA5F2F2104}.Release|Any CPU.Build.0 = Release|Any CPU
		{55AE17ED-BCF3-46DF-A43F-CEE12B321433}.Debug|Any CPU.ActiveCfg = Debug|Any CPU
		{55AE17ED-BCF3-46DF-A43F-CEE12B321433}.Debug|Any CPU.Build.0 = Debug|Any CPU
		{55AE17ED-BCF3-46DF-A43F-CEE12B321433}.Release|Any CPU.ActiveCfg = Release|Any CPU
		{55AE17ED-BCF3-46DF-A43F-CEE12B321433}.Release|Any CPU.Build.0 = Release|Any CPU
		{C0D18DFE-C7A5-4425-9F73-549D60DF96E2}.Debug|Any CPU.ActiveCfg = Debug|Any CPU
		{C0D18DFE-C7A5-4425-9F73-549D60DF96E2}.Debug|Any CPU.Build.0 = Debug|Any CPU
		{C0D18DFE-C7A5-4425-9F73-549D60DF96E2}.Release|Any CPU.ActiveCfg = Release|Any CPU
		{C0D18DFE-C7A5-4425-9F73-549D60DF96E2}.Release|Any CPU.Build.0 = Release|Any CPU
		{1E711CAE-76F9-4C6F-B27C-24D0C98043CC}.Debug|Any CPU.ActiveCfg = Debug|Any CPU
		{1E711CAE-76F9-4C6F-B27C-24D0C98043CC}.Debug|Any CPU.Build.0 = Debug|Any CPU
		{1E711CAE-76F9-4C6F-B27C-24D0C98043CC}.Release|Any CPU.ActiveCfg = Release|Any CPU
		{1E711CAE-76F9-4C6F-B27C-24D0C98043CC}.Release|Any CPU.Build.0 = Release|Any CPU
	EndGlobalSection
	GlobalSection(SolutionProperties) = preSolution
		HideSolutionNode = FALSE
	EndGlobalSection
	GlobalSection(NestedProjects) = preSolution
		{0533EDED-A5B4-4C1E-A4B9-E436BBF9B147} = {5B8A80B9-CE25-467D-93BB-93381930B3D5}
		{55D65F09-F56F-413F-B926-053C9C0C9374} = {5B8A80B9-CE25-467D-93BB-93381930B3D5}
		{BDEB6A87-DAF2-4377-AFD6-6E107CDF7D2C} = {5B8A80B9-CE25-467D-93BB-93381930B3D5}
		{38FDA8C3-A48B-440F-A7DA-C83ACD159759} = {5B8A80B9-CE25-467D-93BB-93381930B3D5}
		{458C3731-3AA7-484B-A69A-AB8D102F3DDE} = {5B8A80B9-CE25-467D-93BB-93381930B3D5}
		{8D3869C2-58C3-42AF-9FCB-4928E2470E22} = {458C3731-3AA7-484B-A69A-AB8D102F3DDE}
		{D04800EB-113E-4180-A919-17BFFEA8C603} = {5B8A80B9-CE25-467D-93BB-93381930B3D5}
		{22D71932-9E78-47EA-B0D3-1F9CFEFFACB1} = {F8065C68-C2F0-4D63-99CB-1F1011A8161F}
		{4E33DCCB-FCB1-4F89-9B93-BCF2553F9F3A} = {F8065C68-C2F0-4D63-99CB-1F1011A8161F}
		{B660E46C-C26C-4BA5-AB66-0B2BE0974433} = {F8065C68-C2F0-4D63-99CB-1F1011A8161F}
		{83BD93D7-17BC-47BC-B522-AA7C2C0A7CEF} = {F8065C68-C2F0-4D63-99CB-1F1011A8161F}
		{BB3EA972-4124-49C9-9D99-D7EB773BD7BA} = {F8065C68-C2F0-4D63-99CB-1F1011A8161F}
		{BEB67AD8-8168-4F24-B51E-EDDBA83BD201} = {F8065C68-C2F0-4D63-99CB-1F1011A8161F}
		{38AD81F4-5369-4D7D-B9E8-3EBF87667D57} = {BEB67AD8-8168-4F24-B51E-EDDBA83BD201}
		{C0F2031C-211C-4E58-8516-4EBEBFB6E004} = {DE5FE629-3625-4E0F-926C-5F2A4A1D6D06}
		{86B6B0EC-7F26-46D7-81E4-E18CB92D2FE7} = {DE5FE629-3625-4E0F-926C-5F2A4A1D6D06}
		{77FE1F59-F3E8-4263-B280-36CA5F2F2104} = {DE5FE629-3625-4E0F-926C-5F2A4A1D6D06}
		{55AE17ED-BCF3-46DF-A43F-CEE12B321433} = {DE5FE629-3625-4E0F-926C-5F2A4A1D6D06}
		{EBA9CCEF-3EBF-422C-9907-696FC5146182} = {DE5FE629-3625-4E0F-926C-5F2A4A1D6D06}
		{C0D18DFE-C7A5-4425-9F73-549D60DF96E2} = {EBA9CCEF-3EBF-422C-9907-696FC5146182}
		{1E711CAE-76F9-4C6F-B27C-24D0C98043CC} = {DE5FE629-3625-4E0F-926C-5F2A4A1D6D06}
	EndGlobalSection
EndGlobal
